
Microsoft Visual Studio Solution File, Format Version 12.00
# Visual Studio 15
VisualStudioVersion = 15.0.27703.2047
MinimumVisualStudioVersion = 10.0.40219.1
Project("{FAE04EC0-301F-11D3-BF4B-00C04F79EFBC}") = "app-backend", "app-backend\app-backend.csproj", "{AA484622-885B-46AC-83E5-5432BCCCE869}"
EndProject
Global
	GlobalSection(SolutionConfigurationPlatforms) = preSolution
		Debug|Any CPU = Debug|Any CPU
		Release|Any CPU = Release|Any CPU
	EndGlobalSection
	GlobalSection(ProjectConfigurationPlatforms) = postSolution
		{AA484622-885B-46AC-83E5-5432BCCCE869}.Debug|Any CPU.ActiveCfg = Debug|Any CPU
		{AA484622-885B-46AC-83E5-5432BCCCE869}.Debug|Any CPU.Build.0 = Debug|Any CPU
		{AA484622-885B-46AC-83E5-5432BCCCE869}.Release|Any CPU.ActiveCfg = Release|Any CPU
		{AA484622-885B-46AC-83E5-5432BCCCE869}.Release|Any CPU.Build.0 = Release|Any CPU
	EndGlobalSection
	GlobalSection(SolutionProperties) = preSolution
		HideSolutionNode = FALSE
	EndGlobalSection
	GlobalSection(ExtensibilityGlobals) = postSolution
		SolutionGuid = {777C3A57-2D96-497B-9151-0EE59319C475}
	EndGlobalSection
EndGlobal
